
Microsoft Visual Studio Solution File, Format Version 12.00
# Visual Studio Version 17
VisualStudioVersion = 17.13.35825.156 d17.13
MinimumVisualStudioVersion = 10.0.40219.1
Project("{FAE04EC0-301F-11D3-BF4B-00C04F79EFBC}") = "PetConnect.PL", "PetConnect.PL\PetConnect.PL.csproj", "{2C7A3F06-6398-41C8-ACDE-429D766B491B}"
EndProject
Global
	GlobalSection(SolutionConfigurationPlatforms) = preSolution
		Debug|Any CPU = Debug|Any CPU
		Release|Any CPU = Release|Any CPU
	EndGlobalSection
	GlobalSection(ProjectConfigurationPlatforms) = postSolution
		{2C7A3F06-6398-41C8-ACDE-429D766B491B}.Debug|Any CPU.ActiveCfg = Debug|Any CPU
		{2C7A3F06-6398-41C8-ACDE-429D766B491B}.Debug|Any CPU.Build.0 = Debug|Any CPU
		{2C7A3F06-6398-41C8-ACDE-429D766B491B}.Release|Any CPU.ActiveCfg = Release|Any CPU
		{2C7A3F06-6398-41C8-ACDE-429D766B491B}.Release|Any CPU.Build.0 = Release|Any CPU
	EndGlobalSection
	GlobalSection(SolutionProperties) = preSolution
		HideSolutionNode = FALSE
	EndGlobalSection
	GlobalSection(ExtensibilityGlobals) = postSolution
		SolutionGuid = {05813669-F85A-4E5E-975F-3A33461F3411}
	EndGlobalSection
EndGlobal
